
Microsoft Visual Studio Solution File, Format Version 12.00
# Visual Studio Version 17
VisualStudioVersion = 17.14.37710.0
MinimumVisualStudioVersion = 10.0.40219.1
Project("{2150E333-8FDC-42A3-9474-1A3956D46DE8}") = "src", "src", "{02EA681E-C7D8-13C7-8484-4AC65E1B71E8}"
EndProject
Project("{2150E333-8FDC-42A3-9474-1A3956D46DE8}") = "tests", "tests", "{A1A7441E-EB31-4B59-95BB-3C26A0EDBE66}"
EndProject
Project("{2150E333-8FDC-42A3-9474-1A3956D46DE8}") = "Core", "Core", "{AD21511A-F7EF-401F-AD3B-C472BA29C739}"
EndProject
Project("{2150E333-8FDC-42A3-9474-1A3956D46DE8}") = "Infrastructure", "Infrastructure", "{07C192D6-3BE5-4654-9CA7-4BD51BC7343C}"
EndProject
Project("{2150E333-8FDC-42A3-9474-1A3956D46DE8}") = "Presentation", "Presentation", "{DB2481CF-CD13-4E03-9ECE-F472B3724775}"
EndProject
Project("{2150E333-8FDC-42A3-9474-1A3956D46DE8}") = "Workers", "Workers", "{E8ECB763-625B-4023-A8AC-B4A150727245}"
EndProject
Project("{FAE04EC0-301F-11D3-BF4B-00C04F79EFBC}") = "TeamFlow.Domain", "TeamFlow.Domain\TeamFlow.Domain.csproj", "{D822AF93-CBC1-4388-9403-E53D875DFC39}"
EndProject
Project("{FAE04EC0-301F-11D3-BF4B-00C04F79EFBC}") = "TeamFlow.Application", "TeamFlow.Application\TeamFlow.Application.csproj", "{7FC032A2-FABF-4D97-B6B2-4E746044419D}"
EndProject
Project("{FAE04EC0-301F-11D3-BF4B-00C04F79EFBC}") = "TeamFlow.Infrastructure", "TeamFlow.Infrastructure\TeamFlow.Infrastructure.csproj", "{320253C0-CE9E-495C-B495-17747F82F67F}"
EndProject
Project("{FAE04EC0-301F-11D3-BF4B-00C04F79EFBC}") = "TeamFlow.Infrastructure.Persistence", "TeamFlow.Infrastructure.Persistence\TeamFlow.Infrastructure.Persistence.csproj", "{C50C5958-2E9A-4FE4-B7B7-BEB4054DA3A9}"
EndProject
Project("{FAE04EC0-301F-11D3-BF4B-00C04F79EFBC}") = "TeamFlow.Api", "TeamFlow.Api\TeamFlow.Api.csproj", "{23B92658-7EAB-49AE-A3AA-642A6F667DF6}"
EndProject
Project("{FAE04EC0-301F-11D3-BF4B-00C04F79EFBC}") = "TeamFlow.BackgroundJobs", "TeamFlow.BackgroundJobs\TeamFlow.BackgroundJobs.csproj", "{53E6737A-35E6-4610-92BA-D8AEFF91B384}"
EndProject
Project("{FAE04EC0-301F-11D3-BF4B-00C04F79EFBC}") = "TeamFlow.Domain.Tests", "TeamFlow.Domain.Tests\TeamFlow.Domain.Tests.csproj", "{E4FD7217-5A69-44C3-A8CC-86D8ADCCBE36}"
EndProject
Project("{FAE04EC0-301F-11D3-BF4B-00C04F79EFBC}") = "TeamFlow.Application.Tests", "TeamFlow.Application.Tests\TeamFlow.Application.Tests.csproj", "{1F2D4C99-1BA6-4ECB-A420-50188097DF4D}"
EndProject
Project("{FAE04EC0-301F-11D3-BF4B-00C04F79EFBC}") = "TeamFlow.Api.IntegrationTests", "TeamFlow.Api.IntegrationTests\TeamFlow.Api.IntegrationTests.csproj", "{B657A126-6307-48C7-B1FE-C51DBF0ED5EB}"
EndProject
Project("{FAE04EC0-301F-11D3-BF4B-00C04F79EFBC}") = "TeamFlow.Tests", "TeamFlow.Tests\TeamFlow.Tests.csproj", "{C8383B6E-5993-4259-A769-155C2044A57C}"
EndProject
Project("{2150E333-8FDC-42A3-9474-1A3956D46DE8}") = "Solution Items", "Solution Items", "{8EC462FD-D22E-90A8-E5CE-7E832BA40C5D}"
	ProjectSection(SolutionItems) = preProject
		docker-compose.yml = docker-compose.yml
	EndProjectSection
EndProject
Global
	GlobalSection(SolutionConfigurationPlatforms) = preSolution
		Debug|Any CPU = Debug|Any CPU
		Debug|x64 = Debug|x64
		Debug|x86 = Debug|x86
		Release|Any CPU = Release|Any CPU
		Release|x64 = Release|x64
		Release|x86 = Release|x86
	EndGlobalSection
	GlobalSection(ProjectConfigurationPlatforms) = postSolution
		{D822AF93-CBC1-4388-9403-E53D875DFC39}.Debug|Any CPU.ActiveCfg = Debug|Any CPU
		{D822AF93-CBC1-4388-9403-E53D875DFC39}.Debug|Any CPU.Build.0 = Debug|Any CPU
		{D822AF93-CBC1-4388-9403-E53D875DFC39}.Debug|x64.ActiveCfg = Debug|Any CPU
		{D822AF93-CBC1-4388-9403-E53D875DFC39}.Debug|x64.Build.0 = Debug|Any CPU
		{D822AF93-CBC1-4388-9403-E53D875DFC39}.Debug|x86.ActiveCfg = Debug|Any CPU
		{D822AF93-CBC1-4388-9403-E53D875DFC39}.Debug|x86.Build.0 = Debug|Any CPU
		{D822AF93-CBC1-4388-9403-E53D875DFC39}.Release|Any CPU.ActiveCfg = Release|Any CPU
		{D822AF93-CBC1-4388-9403-E53D875DFC39}.Release|Any CPU.Build.0 = Release|Any CPU
		{D822AF93-CBC1-4388-9403-E53D875DFC39}.Release|x64.ActiveCfg = Release|Any CPU
		{D822AF93-CBC1-4388-9403-E53D875DFC39}.Release|x64.Build.0 = Release|Any CPU
		{D822AF93-CBC1-4388-9403-E53D875DFC39}.Release|x86.ActiveCfg = Release|Any CPU
		{D822AF93-CBC1-4388-9403-E53D875DFC39}.Release|x86.Build.0 = Release|Any CPU
		{7FC032A2-FABF-4D97-B6B2-4E746044419D}.Debug|Any CPU.ActiveCfg = Debug|Any CPU
		{7FC032A2-FABF-4D97-B6B2-4E746044419D}.Debug|Any CPU.Build.0 = Debug|Any CPU
		{7FC032A2-FABF-4D97-B6B2-4E746044419D}.Debug|x64.ActiveCfg = Debug|Any CPU
		{7FC032A2-FABF-4D97-B6B2-4E746044419D}.Debug|x64.Build.0 = Debug|Any CPU
		{7FC032A2-FABF-4D97-B6B2-4E746044419D}.Debug|x86.ActiveCfg = Debug|Any CPU
		{7FC032A2-FABF-4D97-B6B2-4E746044419D}.Debug|x86.Build.0 = Debug|Any CPU
		{7FC032A2-FABF-4D97-B6B2-4E746044419D}.Release|Any CPU.ActiveCfg = Release|Any CPU
		{7FC032A2-FABF-4D97-B6B2-4E746044419D}.Release|Any CPU.Build.0 = Release|Any CPU
		{7FC032A2-FABF-4D97-B6B2-4E746044419D}.Release|x64.ActiveCfg = Release|Any CPU
		{7FC032A2-FABF-4D97-B6B2-4E746044419D}.Release|x64.Build.0 = Release|Any CPU
		{7FC032A2-FABF-4D97-B6B2-4E746044419D}.Release|x86.ActiveCfg = Release|Any CPU
		{7FC032A2-FABF-4D97-B6B2-4E746044419D}.Release|x86.Build.0 = Release|Any CPU
		{320253C0-CE9E-495C-B495-17747F82F67F}.Debug|Any CPU.ActiveCfg = Debug|Any CPU
		{320253C0-CE9E-495C-B495-17747F82F67F}.Debug|Any CPU.Build.0 = Debug|Any CPU
		{320253C0-CE9E-495C-B495-17747F82F67F}.Debug|x64.ActiveCfg = Debug|Any CPU
		{320253C0-CE9E-495C-B495-17747F82F67F}.Debug|x64.Build.0 = Debug|Any CPU
		{320253C0-CE9E-495C-B495-17747F82F67F}.Debug|x86.ActiveCfg = Debug|Any CPU
		{320253C0-CE9E-495C-B495-17747F82F67F}.Debug|x86.Build.0 = Debug|Any CPU
		{320253C0-CE9E-495C-B495-17747F82F67F}.Release|Any CPU.ActiveCfg = Release|Any CPU
		{320253C0-CE9E-495C-B495-17747F82F67F}.Release|Any CPU.Build.0 = Release|Any CPU
		{320253C0-CE9E-495C-B495-17747F82F67F}.Release|x64.ActiveCfg = Release|Any CPU
		{320253C0-CE9E-495C-B495-17747F82F67F}.Release|x64.Build.0 = Release|Any CPU
		{320253C0-CE9E-495C-B495-17747F82F67F}.Release|x86.ActiveCfg = Release|Any CPU
		{320253C0-CE9E-495C-B495-17747F82F67F}.Release|x86.Build.0 = Release|Any CPU
		{C50C5958-2E9A-4FE4-B7B7-BEB4054DA3A9}.Debug|Any CPU.ActiveCfg = Debug|Any CPU
		{C50C5958-2E9A-4FE4-B7B7-BEB4054DA3A9}.Debug|Any CPU.Build.0 = Debug|Any CPU
		{C50C5958-2E9A-4FE4-B7B7-BEB4054DA3A9}.Debug|x64.ActiveCfg = Debug|Any CPU
		{C50C5958-2E9A-4FE4-B7B7-BEB4054DA3A9}.Debug|x64.Build.0 = Debug|Any CPU
		{C50C5958-2E9A-4FE4-B7B7-BEB4054DA3A9}.Debug|x86.ActiveCfg = Debug|Any CPU
		{C50C5958-2E9A-4FE4-B7B7-BEB4054DA3A9}.Debug|x86.Build.0 = Debug|Any CPU
		{C50C5958-2E9A-4FE4-B7B7-BEB4054DA3A9}.Release|Any CPU.ActiveCfg = Release|Any CPU
		{C50C5958-2E9A-4FE4-B7B7-BEB4054DA3A9}.Release|Any CPU.Build.0 = Release|Any CPU
		{C50C5958-2E9A-4FE4-B7B7-BEB4054DA3A9}.Release|x64.ActiveCfg = Release|Any CPU
		{C50C5958-2E9A-4FE4-B7B7-BEB4054DA3A9}.Release|x64.Build.0 = Release|Any CPU
		{C50C5958-2E9A-4FE4-B7B7-BEB4054DA3A9}.Release|x86.ActiveCfg = Release|Any CPU
		{C50C5958-2E9A-4FE4-B7B7-BEB4054DA3A9}.Release|x86.Build.0 = Release|Any CPU
		{23B92658-7EAB-49AE-A3AA-642A6F667DF6}.Debug|Any CPU.ActiveCfg = Debug|Any CPU
		{23B92658-7EAB-49AE-A3AA-642A6F667DF6}.Debug|Any CPU.Build.0 = Debug|Any CPU
		{23B92658-7EAB-49AE-A3AA-642A6F667DF6}.Debug|x64.ActiveCfg = Debug|Any CPU
		{23B92658-7EAB-49AE-A3AA-642A6F667DF6}.Debug|x64.Build.0 = Debug|Any CPU
		{23B92658-7EAB-49AE-A3AA-642A6F667DF6}.Debug|x86.ActiveCfg = Debug|Any CPU
		{23B92658-7EAB-49AE-A3AA-642A6F667DF6}.Debug|x86.Build.0 = Debug|Any CPU
		{23B92658-7EAB-49AE-A3AA-642A6F667DF6}.Release|Any CPU.ActiveCfg = Release|Any CPU
		{23B92658-7EAB-49AE-A3AA-642A6F667DF6}.Release|Any CPU.Build.0 = Release|Any CPU
		{23B92658-7EAB-49AE-A3AA-642A6F667DF6}.Release|x64.ActiveCfg = Release|Any CPU
		{23B92658-7EAB-49AE-A3AA-642A6F667DF6}.Release|x64.Build.0 = Release|Any CPU
		{23B92658-7EAB-49AE-A3AA-642A6F667DF6}.Release|x86.ActiveCfg = Release|Any CPU
		{23B92658-7EAB-49AE-A3AA-642A6F667DF6}.Release|x86.Build.0 = Release|Any CPU
		{53E6737A-35E6-4610-92BA-D8AEFF91B384}.Debug|Any CPU.ActiveCfg = Debug|Any CPU
		{53E6737A-35E6-4610-92BA-D8AEFF91B384}.Debug|Any CPU.Build.0 = Debug|Any CPU
		{53E6737A-35E6-4610-92BA-D8AEFF91B384}.Debug|x64.ActiveCfg = Debug|Any CPU
		{53E6737A-35E6-4610-92BA-D8AEFF91B384}.Debug|x64.Build.0 = Debug|Any CPU
		{53E6737A-35E6-4610-92BA-D8AEFF91B384}.Debug|x86.ActiveCfg = Debug|Any CPU
		{53E6737A-35E6-4610-92BA-D8AEFF91B384}.Debug|x86.Build.0 = Debug|Any CPU
		{53E6737A-35E6-4610-92BA-D8AEFF91B384}.Release|Any CPU.ActiveCfg = Release|Any CPU
		{53E6737A-35E6-4610-92BA-D8AEFF91B384}.Release|Any CPU.Build.0 = Release|Any CPU
		{53E6737A-35E6-4610-92BA-D8AEFF91B384}.Release|x64.ActiveCfg = Release|Any CPU
		{53E6737A-35E6-4610-92BA-D8AEFF91B384}.Release|x64.Build.0 = Release|Any CPU
		{53E6737A-35E6-4610-92BA-D8AEFF91B384}.Release|x86.ActiveCfg = Release|Any CPU
		{53E6737A-35E6-4610-92BA-D8AEFF91B384}.Release|x86.Build.0 = Release|Any CPU
		{E4FD7217-5A69-44C3-A8CC-86D8ADCCBE36}.Debug|Any CPU.ActiveCfg = Debug|Any CPU
		{E4FD7217-5A69-44C3-A8CC-86D8ADCCBE36}.Debug|Any CPU.Build.0 = Debug|Any CPU
		{E4FD7217-5A69-44C3-A8CC-86D8ADCCBE36}.Debug|x64.ActiveCfg = Debug|Any CPU
		{E4FD7217-5A69-44C3-A8CC-86D8ADCCBE36}.Debug|x64.Build.0 = Debug|Any CPU
		{E4FD7217-5A69-44C3-A8CC-86D8ADCCBE36}.Debug|x86.ActiveCfg = Debug|Any CPU
		{E4FD7217-5A69-44C3-A8CC-86D8ADCCBE36}.Debug|x86.Build.0 = Debug|Any CPU
		{E4FD7217-5A69-44C3-A8CC-86D8ADCCBE36}.Release|Any CPU.ActiveCfg = Release|Any CPU
		{E4FD7217-5A69-44C3-A8CC-86D8ADCCBE36}.Release|Any CPU.Build.0 = Release|Any CPU
		{E4FD7217-5A69-44C3-A8CC-86D8ADCCBE36}.Release|x64.ActiveCfg = Release|Any CPU
		{E4FD7217-5A69-44C3-A8CC-86D8ADCCBE36}.Release|x64.Build.0 = Release|Any CPU
		{E4FD7217-5A69-44C3-A8CC-86D8ADCCBE36}.Release|x86.ActiveCfg = Release|Any CPU
		{E4FD7217-5A69-44C3-A8CC-86D8ADCCBE36}.Release|x86.Build.0 = Release|Any CPU
		{1F2D4C99-1BA6-4ECB-A420-50188097DF4D}.Debug|Any CPU.ActiveCfg = Debug|Any CPU
		{1F2D4C99-1BA6-4ECB-A420-50188097DF4D}.Debug|Any CPU.Build.0 = Debug|Any CPU
		{1F2D4C99-1BA6-4ECB-A420-50188097DF4D}.Debug|x64.ActiveCfg = Debug|Any CPU
		{1F2D4C99-1BA6-4ECB-A420-50188097DF4D}.Debug|x64.Build.0 = Debug|Any CPU
		{1F2D4C99-1BA6-4ECB-A420-50188097DF4D}.Debug|x86.ActiveCfg = Debug|Any CPU
		{1F2D4C99-1BA6-4ECB-A420-50188097DF4D}.Debug|x86.Build.0 = Debug|Any CPU
		{1F2D4C99-1BA6-4ECB-A420-50188097DF4D}.Release|Any CPU.ActiveCfg = Release|Any CPU
		{1F2D4C99-1BA6-4ECB-A420-50188097DF4D}.Release|Any CPU.Build.0 = Release|Any CPU
		{1F2D4C99-1BA6-4ECB-A420-50188097DF4D}.Release|x64.ActiveCfg = Release|Any CPU
		{1F2D4C99-1BA6-4ECB-A420-50188097DF4D}.Release|x64.Build.0 = Release|Any CPU
		{1F2D4C99-1BA6-4ECB-A420-50188097DF4D}.Release|x86.ActiveCfg = Release|Any CPU
		{1F2D4C99-1BA6-4ECB-A420-50188097DF4D}.Release|x86.Build.0 = Release|Any CPU
		{B657A126-6307-48C7-B1FE-C51DBF0ED5EB}.Debug|Any CPU.ActiveCfg = Debug|Any CPU
		{B657A126-6307-48C7-B1FE-C51DBF0ED5EB}.Debug|Any CPU.Build.0 = Debug|Any CPU
		{B657A126-6307-48C7-B1FE-C51DBF0ED5EB}.Debug|x64.ActiveCfg = Debug|Any CPU
		{B657A126-6307-48C7-B1FE-C51DBF0ED5EB}.Debug|x64.Build.0 = Debug|Any CPU
		{B657A126-6307-48C7-B1FE-C51DBF0ED5EB}.Debug|x86.ActiveCfg = Debug|Any CPU
		{B657A126-6307-48C7-B1FE-C51DBF0ED5EB}.Debug|x86.Build.0 = Debug|Any CPU
		{B657A126-6307-48C7-B1FE-C51DBF0ED5EB}.Release|Any CPU.ActiveCfg = Release|Any CPU
		{B657A126-6307-48C7-B1FE-C51DBF0ED5EB}.Release|Any CPU.Build.0 = Release|Any CPU
		{B657A126-6307-48C7-B1FE-C51DBF0ED5EB}.Release|x64.ActiveCfg = Release|Any CPU
		{B657A126-6307-48C7-B1FE-C51DBF0ED5EB}.Release|x64.Build.0 = Release|Any CPU
		{B657A126-6307-48C7-B1FE-C51DBF0ED5EB}.Release|x86.ActiveCfg = Release|Any CPU
		{B657A126-6307-48C7-B1FE-C51DBF0ED5EB}.Release|x86.Build.0 = Release|Any CPU
		{C8383B6E-5993-4259-A769-155C2044A57C}.Debug|Any CPU.ActiveCfg = Debug|Any CPU
		{C8383B6E-5993-4259-A769-155C2044A57C}.Debug|Any CPU.Build.0 = Debug|Any CPU
		{C8383B6E-5993-4259-A769-155C2044A57C}.Debug|x64.ActiveCfg = Debug|Any CPU
		{C8383B6E-5993-4259-A769-155C2044A57C}.Debug|x64.Build.0 = Debug|Any CPU
		{C8383B6E-5993-4259-A769-155C2044A57C}.Debug|x86.ActiveCfg = Debug|Any CPU
		{C8383B6E-5993-4259-A769-155C2044A57C}.Debug|x86.Build.0 = Debug|Any CPU
		{C8383B6E-5993-4259-A769-155C2044A57C}.Release|Any CPU.ActiveCfg = Release|Any CPU
		{C8383B6E-5993-4259-A769-155C2044A57C}.Release|Any CPU.Build.0 = Release|Any CPU
		{C8383B6E-5993-4259-A769-155C2044A57C}.Release|x64.ActiveCfg = Release|Any CPU
		{C8383B6E-5993-4259-A769-155C2044A57C}.Release|x64.Build.0 = Release|Any CPU
		{C8383B6E-5993-4259-A769-155C2044A57C}.Release|x86.ActiveCfg = Release|Any CPU
		{C8383B6E-5993-4259-A769-155C2044A57C}.Release|x86.Build.0 = Release|Any CPU
	EndGlobalSection
	GlobalSection(SolutionProperties) = preSolution
		HideSolutionNode = FALSE
	EndGlobalSection
	GlobalSection(NestedProjects) = preSolution
		{AD21511A-F7EF-401F-AD3B-C472BA29C739} = {02EA681E-C7D8-13C7-8484-4AC65E1B71E8}
		{07C192D6-3BE5-4654-9CA7-4BD51BC7343C} = {02EA681E-C7D8-13C7-8484-4AC65E1B71E8}
		{DB2481CF-CD13-4E03-9ECE-F472B3724775} = {02EA681E-C7D8-13C7-8484-4AC65E1B71E8}
		{E8ECB763-625B-4023-A8AC-B4A150727245} = {02EA681E-C7D8-13C7-8484-4AC65E1B71E8}
		{D822AF93-CBC1-4388-9403-E53D875DFC39} = {AD21511A-F7EF-401F-AD3B-C472BA29C739}
		{7FC032A2-FABF-4D97-B6B2-4E746044419D} = {AD21511A-F7EF-401F-AD3B-C472BA29C739}
		{320253C0-CE9E-495C-B495-17747F82F67F} = {07C192D6-3BE5-4654-9CA7-4BD51BC7343C}
		{C50C5958-2E9A-4FE4-B7B7-BEB4054DA3A9} = {07C192D6-3BE5-4654-9CA7-4BD51BC7343C}
		{23B92658-7EAB-49AE-A3AA-642A6F667DF6} = {DB2481CF-CD13-4E03-9ECE-F472B3724775}
		{53E6737A-35E6-4610-92BA-D8AEFF91B384} = {E8ECB763-625B-4023-A8AC-B4A150727245}
		{E4FD7217-5A69-44C3-A8CC-86D8ADCCBE36} = {A1A7441E-EB31-4B59-95BB-3C26A0EDBE66}
		{1F2D4C99-1BA6-4ECB-A420-50188097DF4D} = {A1A7441E-EB31-4B59-95BB-3C26A0EDBE66}
		{B657A126-6307-48C7-B1FE-C51DBF0ED5EB} = {A1A7441E-EB31-4B59-95BB-3C26A0EDBE66}
	EndGlobalSection
	GlobalSection(ExtensibilityGlobals) = postSolution
		SolutionGuid = {C57C3976-5B32-4E86-BC0E-63EB07612E88}
	EndGlobalSection
EndGlobal
